
Microsoft Visual Studio Solution File, Format Version 12.00
# Visual Studio Version 16
VisualStudioVersion = 16.0.30011.22
MinimumVisualStudioVersion = 10.0.40219.1
Project("{2150E333-8FDC-42A3-9474-1A3956D46DE8}") = "1-Framework", "1-Framework", "{3609E447-8FEE-4ED2-A0EA-C4BAC69B0086}"
EndProject
Project("{2150E333-8FDC-42A3-9474-1A3956D46DE8}") = "VehicleDomain", "VehicleDomain", "{B7EC6522-9131-498E-93AE-7888B5B54F92}"
EndProject
Project("{2150E333-8FDC-42A3-9474-1A3956D46DE8}") = "1-App", "1-App", "{0FC8CDB4-D8E6-4C57-B276-2C05857E9F13}"
EndProject
Project("{9A19103F-16F7-4668-BE54-9A1E7A4F7556}") = "Framework.Application", "1-Framework\Framework.Application\Framework.Application.csproj", "{1B0FD5FC-F8CE-47BD-9E56-7CD2977A886F}"
EndProject
Project("{9A19103F-16F7-4668-BE54-9A1E7A4F7556}") = "Framework.Application.Config", "1-Framework\Framework.Application.Config\Framework.Application.Config.csproj", "{33749A22-78AA-4ECA-9906-4BCC21F96E30}"
EndProject
Project("{9A19103F-16F7-4668-BE54-9A1E7A4F7556}") = "Framework.Common", "1-Framework\Framework.Common\Framework.Common.csproj", "{32BCA79A-C707-4A9A-81FD-1D3E137D5A67}"
EndProject
Project("{9A19103F-16F7-4668-BE54-9A1E7A4F7556}") = "Framework.Data", "1-Framework\Framework.Data\Framework.Data.csproj", "{E2057B82-03AF-413D-A9C1-B658B1426632}"
EndProject
Project("{9A19103F-16F7-4668-BE54-9A1E7A4F7556}") = "Framework.Data.EF", "1-Framework\Framework.Data.EF\Framework.Data.EF.csproj", "{F4AD4EDA-BEA7-4406-ADE4-306E5F6D7064}"
EndProject
Project("{9A19103F-16F7-4668-BE54-9A1E7A4F7556}") = "Framework.Domain", "1-Framework\Framework.Domain\Framework.Domain.csproj", "{7F05E5B2-9089-4D14-B581-4FFB2442BCB2}"
EndProject
Project("{9A19103F-16F7-4668-BE54-9A1E7A4F7556}") = "Framework.Messaging.NSB", "1-Framework\Framework.Messaging.NSB\Framework.Messaging.NSB.csproj", "{B04094B5-C223-422A-BC78-9CDEEB5C9A29}"
EndProject
Project("{9A19103F-16F7-4668-BE54-9A1E7A4F7556}") = "Framework.Validation", "1-Framework\Framework.Validation\Framework.Validation.csproj", "{97CCA3BB-1072-4ECF-8609-85B0B8011C30}"
EndProject
Project("{2150E333-8FDC-42A3-9474-1A3956D46DE8}") = "2-Domain", "2-Domain", "{C2EE9733-A4A3-496C-9A74-177C9EE3482A}"
EndProject
Project("{2150E333-8FDC-42A3-9474-1A3956D46DE8}") = "3-Infra", "3-Infra", "{AA58CD68-6DE8-4DEA-9B0B-1BDCB3164CDD}"
EndProject
Project("{9A19103F-16F7-4668-BE54-9A1E7A4F7556}") = "Vehicle.Domain", "VehicleDomain\2-Domain\Vehicle.Domain\Vehicle.Domain.csproj", "{7A283C35-4C61-4C88-9281-90B597AEDAE4}"
EndProject
Project("{9A19103F-16F7-4668-BE54-9A1E7A4F7556}") = "Vehicle.Domain.Contracts", "VehicleDomain\2-Domain\Vehicle.Domain.Contracts\Vehicle.Domain.Contracts.csproj", "{B40885E6-92FB-44D7-BA7E-CB32497614D6}"
EndProject
Project("{9A19103F-16F7-4668-BE54-9A1E7A4F7556}") = "Vehicle.Domain.Query", "VehicleDomain\2-Domain\Vehicle.Domain.Query\Vehicle.Domain.Query.csproj", "{67AFB787-5BB1-4F06-9460-7DF1532FB489}"
EndProject
Project("{9A19103F-16F7-4668-BE54-9A1E7A4F7556}") = "Vehicle.AppService", "VehicleDomain\1-App\Vehicle.AppService\Vehicle.AppService.csproj", "{0476EA0D-225B-4963-9543-48C5D7908FD7}"
EndProject
Project("{9A19103F-16F7-4668-BE54-9A1E7A4F7556}") = "Vehicle.AppService.Config", "VehicleDomain\1-App\Vehicle.AppService.Config\Vehicle.AppService.Config.csproj", "{AC38FB2D-8992-4CD1-AE74-0EE0D8D1ED48}"
EndProject
Project("{9A19103F-16F7-4668-BE54-9A1E7A4F7556}") = "Vehicle.AppService.Contracts", "VehicleDomain\1-App\Vehicle.AppService.Contracts\Vehicle.AppService.Contracts.csproj", "{B42274FB-84EC-4403-A779-374D6BE530F0}"
EndProject
Project("{9A19103F-16F7-4668-BE54-9A1E7A4F7556}") = "Vehicle.AppService.Query", "VehicleDomain\1-App\Vehicle.AppService.Query\Vehicle.AppService.Query.csproj", "{557C8EC4-EB1C-4952-903C-82A2E83ABE3B}"
EndProject
Project("{9A19103F-16F7-4668-BE54-9A1E7A4F7556}") = "Vehicle.App.Service.Distributor", "VehicleDomain\1-App\Vehicle.App.Service.Distributor\Vehicle.App.Service.Distributor.csproj", "{6FC5D927-A9DA-430E-AFE5-08EB344808D9}"
EndProject
Project("{2150E333-8FDC-42A3-9474-1A3956D46DE8}") = "IdentityServer", "IdentityServer", "{04B3E4CE-0CE9-4F04-B347-D2264B216DF7}"
EndProject
Project("{9A19103F-16F7-4668-BE54-9A1E7A4F7556}") = "Vehicle.Domain.Test", "VehicleDomain\2-Domain\Vehicle.Domain.Test\Vehicle.Domain.Test.csproj", "{FB657E38-7D1E-4A58-AAF2-46F381ECF80E}"
EndProject
Project("{9A19103F-16F7-4668-BE54-9A1E7A4F7556}") = "Vehicle.Infra.Persistance.EF", "VehicleDomain\3-Infra\Vehicle.Infra.Persistance.EF\Vehicle.Infra.Persistance.EF.csproj", "{4E08D6ED-17EC-494B-9C28-C0D1A9C4882E}"
EndProject
Project("{9A19103F-16F7-4668-BE54-9A1E7A4F7556}") = "IdentityServer", "IdentityServer\IdentityServer.csproj", "{632403A4-5795-4F39-8C8E-63800EDADB1C}"
EndProject
Global
	GlobalSection(SolutionConfigurationPlatforms) = preSolution
		Debug|Any CPU = Debug|Any CPU
		Release|Any CPU = Release|Any CPU
	EndGlobalSection
	GlobalSection(ProjectConfigurationPlatforms) = postSolution
		{1B0FD5FC-F8CE-47BD-9E56-7CD2977A886F}.Debug|Any CPU.ActiveCfg = Debug|Any CPU
		{1B0FD5FC-F8CE-47BD-9E56-7CD2977A886F}.Debug|Any CPU.Build.0 = Debug|Any CPU
		{1B0FD5FC-F8CE-47BD-9E56-7CD2977A886F}.Release|Any CPU.ActiveCfg = Release|Any CPU
		{1B0FD5FC-F8CE-47BD-9E56-7CD2977A886F}.Release|Any CPU.Build.0 = Release|Any CPU
		{33749A22-78AA-4ECA-9906-4BCC21F96E30}.Debug|Any CPU.ActiveCfg = Debug|Any CPU
		{33749A22-78AA-4ECA-9906-4BCC21F96E30}.Debug|Any CPU.Build.0 = Debug|Any CPU
		{33749A22-78AA-4ECA-9906-4BCC21F96E30}.Release|Any CPU.ActiveCfg = Release|Any CPU
		{33749A22-78AA-4ECA-9906-4BCC21F96E30}.Release|Any CPU.Build.0 = Release|Any CPU
		{32BCA79A-C707-4A9A-81FD-1D3E137D5A67}.Debug|Any CPU.ActiveCfg = Debug|Any CPU
		{32BCA79A-C707-4A9A-81FD-1D3E137D5A67}.Debug|Any CPU.Build.0 = Debug|Any CPU
		{32BCA79A-C707-4A9A-81FD-1D3E137D5A67}.Release|Any CPU.ActiveCfg = Release|Any CPU
		{32BCA79A-C707-4A9A-81FD-1D3E137D5A67}.Release|Any CPU.Build.0 = Release|Any CPU
		{E2057B82-03AF-413D-A9C1-B658B1426632}.Debug|Any CPU.ActiveCfg = Debug|Any CPU
		{E2057B82-03AF-413D-A9C1-B658B1426632}.Debug|Any CPU.Build.0 = Debug|Any CPU
		{E2057B82-03AF-413D-A9C1-B658B1426632}.Release|Any CPU.ActiveCfg = Release|Any CPU
		{E2057B82-03AF-413D-A9C1-B658B1426632}.Release|Any CPU.Build.0 = Release|Any CPU
		{F4AD4EDA-BEA7-4406-ADE4-306E5F6D7064}.Debug|Any CPU.ActiveCfg = Debug|Any CPU
		{F4AD4EDA-BEA7-4406-ADE4-306E5F6D7064}.Debug|Any CPU.Build.0 = Debug|Any CPU
		{F4AD4EDA-BEA7-4406-ADE4-306E5F6D7064}.Release|Any CPU.ActiveCfg = Release|Any CPU
		{F4AD4EDA-BEA7-4406-ADE4-306E5F6D7064}.Release|Any CPU.Build.0 = Release|Any CPU
		{7F05E5B2-9089-4D14-B581-4FFB2442BCB2}.Debug|Any CPU.ActiveCfg = Debug|Any CPU
		{7F05E5B2-9089-4D14-B581-4FFB2442BCB2}.Debug|Any CPU.Build.0 = Debug|Any CPU
		{7F05E5B2-9089-4D14-B581-4FFB2442BCB2}.Release|Any CPU.ActiveCfg = Release|Any CPU
		{7F05E5B2-9089-4D14-B581-4FFB2442BCB2}.Release|Any CPU.Build.0 = Release|Any CPU
		{B04094B5-C223-422A-BC78-9CDEEB5C9A29}.Debug|Any CPU.ActiveCfg = Debug|Any CPU
		{B04094B5-C223-422A-BC78-9CDEEB5C9A29}.Debug|Any CPU.Build.0 = Debug|Any CPU
		{B04094B5-C223-422A-BC78-9CDEEB5C9A29}.Release|Any CPU.ActiveCfg = Release|Any CPU
		{B04094B5-C223-422A-BC78-9CDEEB5C9A29}.Release|Any CPU.Build.0 = Release|Any CPU
		{97CCA3BB-1072-4ECF-8609-85B0B8011C30}.Debug|Any CPU.ActiveCfg = Debug|Any CPU
		{97CCA3BB-1072-4ECF-8609-85B0B8011C30}.Debug|Any CPU.Build.0 = Debug|Any CPU
		{97CCA3BB-1072-4ECF-8609-85B0B8011C30}.Release|Any CPU.ActiveCfg = Release|Any CPU
		{97CCA3BB-1072-4ECF-8609-85B0B8011C30}.Release|Any CPU.Build.0 = Release|Any CPU
		{7A283C35-4C61-4C88-9281-90B597AEDAE4}.Debug|Any CPU.ActiveCfg = Debug|Any CPU
		{7A283C35-4C61-4C88-9281-90B597AEDAE4}.Debug|Any CPU.Build.0 = Debug|Any CPU
		{7A283C35-4C61-4C88-9281-90B597AEDAE4}.Release|Any CPU.ActiveCfg = Release|Any CPU
		{7A283C35-4C61-4C88-9281-90B597AEDAE4}.Release|Any CPU.Build.0 = Release|Any CPU
		{B40885E6-92FB-44D7-BA7E-CB32497614D6}.Debug|Any CPU.ActiveCfg = Debug|Any CPU
		{B40885E6-92FB-44D7-BA7E-CB32497614D6}.Debug|Any CPU.Build.0 = Debug|Any CPU
		{B40885E6-92FB-44D7-BA7E-CB32497614D6}.Release|Any CPU.ActiveCfg = Release|Any CPU
		{B40885E6-92FB-44D7-BA7E-CB32497614D6}.Release|Any CPU.Build.0 = Release|Any CPU
		{67AFB787-5BB1-4F06-9460-7DF1532FB489}.Debug|Any CPU.ActiveCfg = Debug|Any CPU
		{67AFB787-5BB1-4F06-9460-7DF1532FB489}.Debug|Any CPU.Build.0 = Debug|Any CPU
		{67AFB787-5BB1-4F06-9460-7DF1532FB489}.Release|Any CPU.ActiveCfg = Release|Any CPU
		{67AFB787-5BB1-4F06-9460-7DF1532FB489}.Release|Any CPU.Build.0 = Release|Any CPU
		{0476EA0D-225B-4963-9543-48C5D7908FD7}.Debug|Any CPU.ActiveCfg = Debug|Any CPU
		{0476EA0D-225B-4963-9543-48C5D7908FD7}.Debug|Any CPU.Build.0 = Debug|Any CPU
		{0476EA0D-225B-4963-9543-48C5D7908FD7}.Release|Any CPU.ActiveCfg = Release|Any CPU
		{0476EA0D-225B-4963-9543-48C5D7908FD7}.Release|Any CPU.Build.0 = Release|Any CPU
		{AC38FB2D-8992-4CD1-AE74-0EE0D8D1ED48}.Debug|Any CPU.ActiveCfg = Debug|Any CPU
		{AC38FB2D-8992-4CD1-AE74-0EE0D8D1ED48}.Debug|Any CPU.Build.0 = Debug|Any CPU
		{AC38FB2D-8992-4CD1-AE74-0EE0D8D1ED48}.Release|Any CPU.ActiveCfg = Release|Any CPU
		{AC38FB2D-8992-4CD1-AE74-0EE0D8D1ED48}.Release|Any CPU.Build.0 = Release|Any CPU
		{B42274FB-84EC-4403-A779-374D6BE530F0}.Debug|Any CPU.ActiveCfg = Debug|Any CPU
		{B42274FB-84EC-4403-A779-374D6BE530F0}.Debug|Any CPU.Build.0 = Debug|Any CPU
		{B42274FB-84EC-4403-A779-374D6BE530F0}.Release|Any CPU.ActiveCfg = Release|Any CPU
		{B42274FB-84EC-4403-A779-374D6BE530F0}.Release|Any CPU.Build.0 = Release|Any CPU
		{557C8EC4-EB1C-4952-903C-82A2E83ABE3B}.Debug|Any CPU.ActiveCfg = Debug|Any CPU
		{557C8EC4-EB1C-4952-903C-82A2E83ABE3B}.Debug|Any CPU.Build.0 = Debug|Any CPU
		{557C8EC4-EB1C-4952-903C-82A2E83ABE3B}.Release|Any CPU.ActiveCfg = Release|Any CPU
		{557C8EC4-EB1C-4952-903C-82A2E83ABE3B}.Release|Any CPU.Build.0 = Release|Any CPU
		{6FC5D927-A9DA-430E-AFE5-08EB344808D9}.Debug|Any CPU.ActiveCfg = Debug|Any CPU
		{6FC5D927-A9DA-430E-AFE5-08EB344808D9}.Debug|Any CPU.Build.0 = Debug|Any CPU
		{6FC5D927-A9DA-430E-AFE5-08EB344808D9}.Release|Any CPU.ActiveCfg = Release|Any CPU
		{6FC5D927-A9DA-430E-AFE5-08EB344808D9}.Release|Any CPU.Build.0 = Release|Any CPU
		{FB657E38-7D1E-4A58-AAF2-46F381ECF80E}.Debug|Any CPU.ActiveCfg = Debug|Any CPU
		{FB657E38-7D1E-4A58-AAF2-46F381ECF80E}.Debug|Any CPU.Build.0 = Debug|Any CPU
		{FB657E38-7D1E-4A58-AAF2-46F381ECF80E}.Release|Any CPU.ActiveCfg = Release|Any CPU
		{FB657E38-7D1E-4A58-AAF2-46F381ECF80E}.Release|Any CPU.Build.0 = Release|Any CPU
		{4E08D6ED-17EC-494B-9C28-C0D1A9C4882E}.Debug|Any CPU.ActiveCfg = Debug|Any CPU
		{4E08D6ED-17EC-494B-9C28-C0D1A9C4882E}.Debug|Any CPU.Build.0 = Debug|Any CPU
		{4E08D6ED-17EC-494B-9C28-C0D1A9C4882E}.Release|Any CPU.ActiveCfg = Release|Any CPU
		{4E08D6ED-17EC-494B-9C28-C0D1A9C4882E}.Release|Any CPU.Build.0 = Release|Any CPU
		{632403A4-5795-4F39-8C8E-63800EDADB1C}.Debug|Any CPU.ActiveCfg = Debug|Any CPU
		{632403A4-5795-4F39-8C8E-63800EDADB1C}.Debug|Any CPU.Build.0 = Debug|Any CPU
		{632403A4-5795-4F39-8C8E-63800EDADB1C}.Release|Any CPU.ActiveCfg = Release|Any CPU
		{632403A4-5795-4F39-8C8E-63800EDADB1C}.Release|Any CPU.Build.0 = Release|Any CPU
	EndGlobalSection
	GlobalSection(SolutionProperties) = preSolution
		HideSolutionNode = FALSE
	EndGlobalSection
	GlobalSection(NestedProjects) = preSolution
		{0FC8CDB4-D8E6-4C57-B276-2C05857E9F13} = {B7EC6522-9131-498E-93AE-7888B5B54F92}
		{1B0FD5FC-F8CE-47BD-9E56-7CD2977A886F} = {3609E447-8FEE-4ED2-A0EA-C4BAC69B0086}
		{33749A22-78AA-4ECA-9906-4BCC21F96E30} = {3609E447-8FEE-4ED2-A0EA-C4BAC69B0086}
		{32BCA79A-C707-4A9A-81FD-1D3E137D5A67} = {3609E447-8FEE-4ED2-A0EA-C4BAC69B0086}
		{E2057B82-03AF-413D-A9C1-B658B1426632} = {3609E447-8FEE-4ED2-A0EA-C4BAC69B0086}
		{F4AD4EDA-BEA7-4406-ADE4-306E5F6D7064} = {3609E447-8FEE-4ED2-A0EA-C4BAC69B0086}
		{7F05E5B2-9089-4D14-B581-4FFB2442BCB2} = {3609E447-8FEE-4ED2-A0EA-C4BAC69B0086}
		{B04094B5-C223-422A-BC78-9CDEEB5C9A29} = {3609E447-8FEE-4ED2-A0EA-C4BAC69B0086}
		{97CCA3BB-1072-4ECF-8609-85B0B8011C30} = {3609E447-8FEE-4ED2-A0EA-C4BAC69B0086}
		{C2EE9733-A4A3-496C-9A74-177C9EE3482A} = {B7EC6522-9131-498E-93AE-7888B5B54F92}
		{AA58CD68-6DE8-4DEA-9B0B-1BDCB3164CDD} = {B7EC6522-9131-498E-93AE-7888B5B54F92}
		{7A283C35-4C61-4C88-9281-90B597AEDAE4} = {C2EE9733-A4A3-496C-9A74-177C9EE3482A}
		{B40885E6-92FB-44D7-BA7E-CB32497614D6} = {C2EE9733-A4A3-496C-9A74-177C9EE3482A}
		{67AFB787-5BB1-4F06-9460-7DF1532FB489} = {C2EE9733-A4A3-496C-9A74-177C9EE3482A}
		{0476EA0D-225B-4963-9543-48C5D7908FD7} = {0FC8CDB4-D8E6-4C57-B276-2C05857E9F13}
		{AC38FB2D-8992-4CD1-AE74-0EE0D8D1ED48} = {0FC8CDB4-D8E6-4C57-B276-2C05857E9F13}
		{B42274FB-84EC-4403-A779-374D6BE530F0} = {0FC8CDB4-D8E6-4C57-B276-2C05857E9F13}
		{557C8EC4-EB1C-4952-903C-82A2E83ABE3B} = {0FC8CDB4-D8E6-4C57-B276-2C05857E9F13}
		{6FC5D927-A9DA-430E-AFE5-08EB344808D9} = {0FC8CDB4-D8E6-4C57-B276-2C05857E9F13}
		{FB657E38-7D1E-4A58-AAF2-46F381ECF80E} = {C2EE9733-A4A3-496C-9A74-177C9EE3482A}
		{4E08D6ED-17EC-494B-9C28-C0D1A9C4882E} = {AA58CD68-6DE8-4DEA-9B0B-1BDCB3164CDD}
		{632403A4-5795-4F39-8C8E-63800EDADB1C} = {04B3E4CE-0CE9-4F04-B347-D2264B216DF7}
	EndGlobalSection
	GlobalSection(ExtensibilityGlobals) = postSolution
		SolutionGuid = {E7DE2F1B-3528-4E64-A20C-6F112F2E6331}
	EndGlobalSection
EndGlobal
